{
    "_readme": [
        "This file locks the dependencies of your project to a known state",
        "Read more about it at https://getcomposer.org/doc/01-basic-usage.md#installing-dependencies",
        "This file is @generated automatically"
    ],
    "content-hash": "a96ad7da792e9b78b40d494c05df9b6d",
    "packages": [
        {
            "name": "ijurij/fileupload",
            "version": "dev-main",
            "source": {
                "type": "git",
                "url": "https://github.com/i-jurij/fileupload.git",
                "reference": "e1968dde30276b901145b841bcc50452734fff64"
            },
            "dist": {
                "type": "zip",
                "url": "https://api.github.com/repos/i-jurij/fileupload/zipball/e1968dde30276b901145b841bcc50452734fff64",
                "reference": "e1968dde30276b901145b841bcc50452734fff64",
                "shasum": ""
            },
            "default-branch": true,
            "type": "library",
            "autoload": {
                "psr-4": {
                    "Fileupload\\": "src/",
                    "Fileupload\\Traits\\": "src/Traits/",
                    "Fileupload\\Classes\\": "src/Classes/"
                }
            },
            "notification-url": "https://packagist.org/downloads/",
            "license": [
                "Apache-2.0"
            ],
            "description": "PHP class for file upload.",
            "support": {
                "issues": "https://github.com/i-jurij/fileupload/issues",
                "source": "https://github.com/i-jurij/fileupload/tree/main"
            },
            "time": "2024-04-14T20:11:19+00:00"
        },
        {
            "name": "stefangabos/zebra_image",
            "version": "dev-master",
            "source": {
                "type": "git",
                "url": "https://github.com/stefangabos/Zebra_Image.git",
                "reference": "11c343fa312d8cc3ffc70231f027af6bdd01f42b"
            },
            "dist": {
                "type": "zip",
                "url": "https://api.github.com/repos/stefangabos/Zebra_Image/zipball/11c343fa312d8cc3ffc70231f027af6bdd01f42b",
                "reference": "11c343fa312d8cc3ffc70231f027af6bdd01f42b",
                "shasum": ""
            },
            "require": {
                "php": ">=5.0.0"
            },
            "require-dev": {
                "phpstan/phpstan": "^1.8",
                "squizlabs/php_codesniffer": "*"
            },
            "default-branch": true,
            "type": "library",
            "autoload": {
                "classmap": [
                    "Zebra_Image.php"
                ]
            },
            "notification-url": "https://packagist.org/downloads/",
            "license": [
                "LGPL-3.0"
            ],
            "authors": [
                {
                    "name": "Stefan Gabos",
                    "email": "contact@stefangabos.ro",
                    "homepage": "https://github.com/stefangabos/",
                    "role": "Developer"
                }
            ],
            "description": "A single-file, lightweight PHP library designed for efficient image manipulation featuring methods for modifying images and applying filters",
            "homepage": "https://github.com/stefangabos/Zebra_Image/",
            "keywords": [
                "crop",
                "filters",
                "gd",
                "image",
                "php",
                "resize",
                "thumbnail"
            ],
            "support": {
                "issues": "https://github.com/stefangabos/Zebra_Image/issues",
                "source": "https://github.com/stefangabos/Zebra_Image/tree/2.8.2"
            },
            "funding": [
                {
                    "url": "https://github.com/stefangabos",
                    "type": "github"
                }
            ],
            "time": "2023-01-25T14:53:20+00:00"
        }
    ],
    "packages-dev": [],
    "aliases": [],
    "minimum-stability": "dev",
    "stability-flags": {
        "ijurij/fileupload": 20,
        "stefangabos/zebra_image": 20
    },
    "prefer-stable": true,
    "prefer-lowest": false,
    "platform": {
        "php": "^8.1"
    },
    "platform-dev": [],
    "plugin-api-version": "2.6.0"
}
